
Microsoft Visual Studio Solution File, Format Version 12.00
# Visual Studio Version 16
VisualStudioVersion = 16.0.30804.86
MinimumVisualStudioVersion = 10.0.40219.1
Project("{9A19103F-16F7-4668-BE54-9A1E7A4F7556}") = "StorekeeperAssistant", "StorekeeperAssistant\StorekeeperAssistant.csproj", "{EA3F47EE-1681-4580-8864-491D1055C49A}"
EndProject
Global
	GlobalSection(SolutionConfigurationPlatforms) = preSolution
		Debug|Any CPU = Debug|Any CPU
		Release|Any CPU = Release|Any CPU
	EndGlobalSection
	GlobalSection(ProjectConfigurationPlatforms) = postSolution
		{EA3F47EE-1681-4580-8864-491D1055C49A}.Debug|Any CPU.ActiveCfg = Debug|Any CPU
		{EA3F47EE-1681-4580-8864-491D1055C49A}.Debug|Any CPU.Build.0 = Debug|Any CPU
		{EA3F47EE-1681-4580-8864-491D1055C49A}.Release|Any CPU.ActiveCfg = Release|Any CPU
		{EA3F47EE-1681-4580-8864-491D1055C49A}.Release|Any CPU.Build.0 = Release|Any CPU
	EndGlobalSection
	GlobalSection(SolutionProperties) = preSolution
		HideSolutionNode = FALSE
	EndGlobalSection
	GlobalSection(ExtensibilityGlobals) = postSolution
		SolutionGuid = {5AC362AC-62E7-45B4-BFE4-88494D0C7E4A}
	EndGlobalSection
EndGlobal
